// !$*UTF8*$!
{
	archiveVersion = 1;
	classes = {
	};
	objectVersion = 56;
	objects = {

/* Begin PBXBuildFile section */
		174AF1B45429AFD4B3B9DB27 /* Pods_SKAquatic.framework in Frameworks */ = {isa = PBXBuildFile; fileRef = FE6D42BBE406643F8A6A1804 /* Pods_SKAquatic.framework */; };
		4A3FD3052A764AE500A9BFE3 /* AppDelegate.swift in Sources */ = {isa = PBXBuildFile; fileRef = 4A3FD3042A764AE500A9BFE3 /* AppDelegate.swift */; };
		4A3FD3072A764AE500A9BFE3 /* SceneDelegate.swift in Sources */ = {isa = PBXBuildFile; fileRef = 4A3FD3062A764AE500A9BFE3 /* SceneDelegate.swift */; };
		4A3FD3092A764AE500A9BFE3 /* ViewController.swift in Sources */ = {isa = PBXBuildFile; fileRef = 4A3FD3082A764AE500A9BFE3 /* ViewController.swift */; };
		4A3FD30C2A764AE500A9BFE3 /* Main.storyboard in Resources */ = {isa = PBXBuildFile; fileRef = 4A3FD30A2A764AE500A9BFE3 /* Main.storyboard */; };
		4A3FD30E2A764AE900A9BFE3 /* Assets.xcassets in Resources */ = {isa = PBXBuildFile; fileRef = 4A3FD30D2A764AE900A9BFE3 /* Assets.xcassets */; };
		4A3FD3112A764AE900A9BFE3 /* LaunchScreen.storyboard in Resources */ = {isa = PBXBuildFile; fileRef = 4A3FD30F2A764AE900A9BFE3 /* LaunchScreen.storyboard */; };
		4A7D4E6D2A87FAD000A2A0CE /* GoogleService-Info.plist in Resources */ = {isa = PBXBuildFile; fileRef = 4A7D4E6C2A87FAD000A2A0CE /* GoogleService-Info.plist */; };
/* End PBXBuildFile section */

/* Begin PBXFileReference section */
		4A3FD3012A764AE500A9BFE3 /* SKAquatic.app */ = {isa = PBXFileReference; explicitFileType = wrapper.application; includeInIndex = 0; path = SKAquatic.app; sourceTree = BUILT_PRODUCTS_DIR; };
		4A3FD3042A764AE500A9BFE3 /* AppDelegate.swift */ = {isa = PBXFileReference; lastKnownFileType = sourcecode.swift; path = AppDelegate.swift; sourceTree = "<group>"; };
		4A3FD3062A764AE500A9BFE3 /* SceneDelegate.swift */ = {isa = PBXFileReference; lastKnownFileType = sourcecode.swift; path = SceneDelegate.swift; sourceTree = "<group>"; };
		4A3FD3082A764AE500A9BFE3 /* ViewController.swift */ = {isa = PBXFileReference; lastKnownFileType = sourcecode.swift; path = ViewController.swift; sourceTree = "<group>"; };
		4A3FD30B2A764AE500A9BFE3 /* Base */ = {isa = PBXFileReference; lastKnownFileType = file.storyboard; name = Base; path = Base.lproj/Main.storyboard; sourceTree = "<group>"; };
		4A3FD30D2A764AE900A9BFE3 /* Assets.xcassets */ = {isa = PBXFileReference; lastKnownFileType = folder.assetcatalog; path = Assets.xcassets; sourceTree = "<group>"; };
		4A3FD3102A764AE900A9BFE3 /* Base */ = {isa = PBXFileReference; lastKnownFileType = file.storyboard; name = Base; path = Base.lproj/LaunchScreen.storyboard; sourceTree = "<group>"; };
		4A3FD3122A764AE900A9BFE3 /* Info.plist */ = {isa = PBXFileReference; lastKnownFileType = text.plist.xml; path = Info.plist; sourceTree = "<group>"; };
		4A7D4E672A87F22800A2A0CE /* SKAquaticRelease.entitlements */ = {isa = PBXFileReference; lastKnownFileType = text.plist.entitlements; path = SKAquaticRelease.entitlements; sourceTree = "<group>"; };
		4A7D4E6C2A87FAD000A2A0CE /* GoogleService-Info.plist */ = {isa = PBXFileReference; fileEncoding = 4; lastKnownFileType = text.plist.xml; path = "GoogleService-Info.plist"; sourceTree = "<group>"; };
		864D3D802577CB9E1938EB6C /* Pods-SKAquatic.debug.xcconfig */ = {isa = PBXFileReference; includeInIndex = 1; lastKnownFileType = text.xcconfig; name = "Pods-SKAquatic.debug.xcconfig"; path = "Target Support Files/Pods-SKAquatic/Pods-SKAquatic.debug.xcconfig"; sourceTree = "<group>"; };
		F566504577E10754CD302951 /* Pods-SKAquatic.release.xcconfig */ = {isa = PBXFileReference; includeInIndex = 1; lastKnownFileType = text.xcconfig; name = "Pods-SKAquatic.release.xcconfig"; path = "Target Support Files/Pods-SKAquatic/Pods-SKAquatic.release.xcconfig"; sourceTree = "<group>"; };
		FE6D42BBE406643F8A6A1804 /* Pods_SKAquatic.framework */ = {isa = PBXFileReference; explicitFileType = wrapper.framework; includeInIndex = 0; path = Pods_SKAquatic.framework; sourceTree = BUILT_PRODUCTS_DIR; };
/* End PBXFileReference section */

/* Begin PBXFrameworksBuildPhase section */
		4A3FD2FE2A764AE500A9BFE3 /* Frameworks */ = {
			isa = PBXFrameworksBuildPhase;
			buildActionMask = 2147483647;
			files = (
				174AF1B45429AFD4B3B9DB27 /* Pods_SKAquatic.framework in Frameworks */,
			);
			runOnlyForDeploymentPostprocessing = 0;
		};
/* End PBXFrameworksBuildPhase section */

/* Begin PBXGroup section */
		4A3FD2F82A764AE500A9BFE3 = {
			isa = PBXGroup;
			children = (
				4A3FD3032A764AE500A9BFE3 /* SKAquatic */,
				4A3FD3022A764AE500A9BFE3 /* Products */,
				C82284135E112E9177ACF435 /* Pods */,
				E887D56297FC0EE407636EC0 /* Frameworks */,
			);
			sourceTree = "<group>";
		};
		4A3FD3022A764AE500A9BFE3 /* Products */ = {
			isa = PBXGroup;
			children = (
				4A3FD3012A764AE500A9BFE3 /* SKAquatic.app */,
			);
			name = Products;
			sourceTree = "<group>";
		};
		4A3FD3032A764AE500A9BFE3 /* SKAquatic */ = {
			isa = PBXGroup;
			children = (
				4A7D4E672A87F22800A2A0CE /* SKAquaticRelease.entitlements */,
				4A7D4E6C2A87FAD000A2A0CE /* GoogleService-Info.plist */,
				4A3FD3042A764AE500A9BFE3 /* AppDelegate.swift */,
				4A3FD3062A764AE500A9BFE3 /* SceneDelegate.swift */,
				4A3FD3082A764AE500A9BFE3 /* ViewController.swift */,
				4A3FD30A2A764AE500A9BFE3 /* Main.storyboard */,
				4A3FD30D2A764AE900A9BFE3 /* Assets.xcassets */,
				4A3FD30F2A764AE900A9BFE3 /* LaunchScreen.storyboard */,
				4A3FD3122A764AE900A9BFE3 /* Info.plist */,
			);
			path = SKAquatic;
			sourceTree = "<group>";
		};
		C82284135E112E9177ACF435 /* Pods */ = {
			isa = PBXGroup;
			children = (
				864D3D802577CB9E1938EB6C /* Pods-SKAquatic.debug.xcconfig */,
				F566504577E10754CD302951 /* Pods-SKAquatic.release.xcconfig */,
			);
			path = Pods;
			sourceTree = "<group>";
		};
		E887D56297FC0EE407636EC0 /* Frameworks */ = {
			isa = PBXGroup;
			children = (
				FE6D42BBE406643F8A6A1804 /* Pods_SKAquatic.framework */,
			);
			name = Frameworks;
			sourceTree = "<group>";
		};
/* End PBXGroup section */

/* Begin PBXNativeTarget section */
		4A3FD3002A764AE500A9BFE3 /* SKAquatic */ = {
			isa = PBXNativeTarget;
			buildConfigurationList = 4A3FD3152A764AE900A9BFE3 /* Build configuration list for PBXNativeTarget "SKAquatic" */;
			buildPhases = (
				0E35DCE2022C37C3F588DF66 /* [CP] Check Pods Manifest.lock */,
				4A3FD2FD2A764AE500A9BFE3 /* Sources */,
				4A3FD2FE2A764AE500A9BFE3 /* Frameworks */,
				4A3FD2FF2A764AE500A9BFE3 /* Resources */,
				8C49B50BFB0A0B3A69C3ABC6 /* [CP] Embed Pods Frameworks */,
			);
			buildRules = (
			);
			dependencies = (
			);
			name = SKAquatic;
			productName = SKAquatic;
			productReference = 4A3FD3012A764AE500A9BFE3 /* SKAquatic.app */;
			productType = "com.apple.product-type.application";
		};
/* End PBXNativeTarget section */

/* Begin PBXProject section */
		4A3FD2F92A764AE500A9BFE3 /* Project object */ = {
			isa = PBXProject;
			attributes = {
				BuildIndependentTargetsInParallel = 1;
				LastSwiftUpdateCheck = 1420;
				LastUpgradeCheck = 1420;
				TargetAttributes = {
					4A3FD3002A764AE500A9BFE3 = {
						CreatedOnToolsVersion = 14.2;
					};
				};
			};
			buildConfigurationList = 4A3FD2FC2A764AE500A9BFE3 /* Build configuration list for PBXProject "SKAquatic" */;
			compatibilityVersion = "Xcode 14.0";
			developmentRegion = en;
			hasScannedForEncodings = 0;
			knownRegions = (
				en,
				Base,
			);
			mainGroup = 4A3FD2F82A764AE500A9BFE3;
			productRefGroup = 4A3FD3022A764AE500A9BFE3 /* Products */;
			projectDirPath = "";
			projectRoot = "";
			targets = (
				4A3FD3002A764AE500A9BFE3 /* SKAquatic */,
			);
		};
/* End PBXProject section */

/* Begin PBXResourcesBuildPhase section */
		4A3FD2FF2A764AE500A9BFE3 /* Resources */ = {
			isa = PBXResourcesBuildPhase;
			buildActionMask = 2147483647;
			files = (
				4A3FD3112A764AE900A9BFE3 /* LaunchScreen.storyboard in Resources */,
				4A7D4E6D2A87FAD000A2A0CE /* GoogleService-Info.plist in Resources */,
				4A3FD30E2A764AE900A9BFE3 /* Assets.xcassets in Resources */,
				4A3FD30C2A764AE500A9BFE3 /* Main.storyboard in Resources */,
			);
			runOnlyForDeploymentPostprocessing = 0;
		};
/* End PBXResourcesBuildPhase section */

/* Begin PBXShellScriptBuildPhase section */
		0E35DCE2022C37C3F588DF66 /* [CP] Check Pods Manifest.lock */ = {
			isa = PBXShellScriptBuildPhase;
			buildActionMask = 2147483647;
			files = (
			);
			inputFileListPaths = (
			);
			inputPaths = (
				"${PODS_PODFILE_DIR_PATH}/Podfile.lock",
				"${PODS_ROOT}/Manifest.lock",
			);
			name = "[CP] Check Pods Manifest.lock";
			outputFileListPaths = (
			);
			outputPaths = (
				"$(DERIVED_FILE_DIR)/Pods-SKAquatic-checkManifestLockResult.txt",
			);
			runOnlyForDeploymentPostprocessing = 0;
			shellPath = /bin/sh;
			shellScript = "diff \"${PODS_PODFILE_DIR_PATH}/Podfile.lock\" \"${PODS_ROOT}/Manifest.lock\" > /dev/null\nif [ $? != 0 ] ; then\n    # print error to STDERR\n    echo \"error: The sandbox is not in sync with the Podfile.lock. Run 'pod install' or update your CocoaPods installation.\" >&2\n    exit 1\nfi\n# This output is used by Xcode 'outputs' to avoid re-running this script phase.\necho \"SUCCESS\" > \"${SCRIPT_OUTPUT_FILE_0}\"\n";
			showEnvVarsInLog = 0;
		};
		8C49B50BFB0A0B3A69C3ABC6 /* [CP] Embed Pods Frameworks */ = {
			isa = PBXShellScriptBuildPhase;
			buildActionMask = 2147483647;
			files = (
			);
			inputFileListPaths = (
				"${PODS_ROOT}/Target Support Files/Pods-SKAquatic/Pods-SKAquatic-frameworks-${CONFIGURATION}-input-files.xcfilelist",
			);
			name = "[CP] Embed Pods Frameworks";
			outputFileListPaths = (
				"${PODS_ROOT}/Target Support Files/Pods-SKAquatic/Pods-SKAquatic-frameworks-${CONFIGURATION}-output-files.xcfilelist",
			);
			runOnlyForDeploymentPostprocessing = 0;
			shellPath = /bin/sh;
			shellScript = "\"${PODS_ROOT}/Target Support Files/Pods-SKAquatic/Pods-SKAquatic-frameworks.sh\"\n";
			showEnvVarsInLog = 0;
		};
/* End PBXShellScriptBuildPhase section */

/* Begin PBXSourcesBuildPhase section */
		4A3FD2FD2A764AE500A9BFE3 /* Sources */ = {
			isa = PBXSourcesBuildPhase;
			buildActionMask = 2147483647;
			files = (
				4A3FD3092A764AE500A9BFE3 /* ViewController.swift in Sources */,
				4A3FD3052A764AE500A9BFE3 /* AppDelegate.swift in Sources */,
				4A3FD3072A764AE500A9BFE3 /* SceneDelegate.swift in Sources */,
			);
			runOnlyForDeploymentPostprocessing = 0;
		};
/* End PBXSourcesBuildPhase section */

/* Begin PBXVariantGroup section */
		4A3FD30A2A764AE500A9BFE3 /* Main.storyboard */ = {
			isa = PBXVariantGroup;
			children = (
				4A3FD30B2A764AE500A9BFE3 /* Base */,
			);
			name = Main.storyboard;
			sourceTree = "<group>";
		};
		4A3FD30F2A764AE900A9BFE3 /* LaunchScreen.storyboard */ = {
			isa = PBXVariantGroup;
			children = (
				4A3FD3102A764AE900A9BFE3 /* Base */,
			);
			name = LaunchScreen.storyboard;
			sourceTree = "<group>";
		};
/* End PBXVariantGroup section */

/* Begin XCBuildConfiguration section */
		4A3FD3132A764AE900A9BFE3 /* Debug */ = {
			isa = XCBuildConfiguration;
			buildSettings = {
				ALWAYS_SEARCH_USER_PATHS = NO;
				CLANG_ANALYZER_NONNULL = YES;
				CLANG_ANALYZER_NUMBER_OBJECT_CONVERSION = YES_AGGRESSIVE;
				CLANG_CXX_LANGUAGE_STANDARD = "gnu++20";
				CLANG_ENABLE_MODULES = YES;
				CLANG_ENABLE_OBJC_ARC = YES;
				CLANG_ENABLE_OBJC_WEAK = YES;
				CLANG_WARN_BLOCK_CAPTURE_AUTORELEASING = YES;
				CLANG_WARN_BOOL_CONVERSION = YES;
				CLANG_WARN_COMMA = YES;
				CLANG_WARN_CONSTANT_CONVERSION = YES;
				CLANG_WARN_DEPRECATED_OBJC_IMPLEMENTATIONS = YES;
				CLANG_WARN_DIRECT_OBJC_ISA_USAGE = YES_ERROR;
				CLANG_WARN_DOCUMENTATION_COMMENTS = YES;
				CLANG_WARN_EMPTY_BODY = YES;
				CLANG_WARN_ENUM_CONVERSION = YES;
				CLANG_WARN_INFINITE_RECURSION = YES;
				CLANG_WARN_INT_CONVERSION = YES;
				CLANG_WARN_NON_LITERAL_NULL_CONVERSION = YES;
				CLANG_WARN_OBJC_IMPLICIT_RETAIN_SELF = YES;
				CLANG_WARN_OBJC_LITERAL_CONVERSION = YES;
				CLANG_WARN_OBJC_ROOT_CLASS = YES_ERROR;
				CLANG_WARN_QUOTED_INCLUDE_IN_FRAMEWORK_HEADER = YES;
				CLANG_WARN_RANGE_LOOP_ANALYSIS = YES;
				CLANG_WARN_STRICT_PROTOTYPES = YES;
				CLANG_WARN_SUSPICIOUS_MOVE = YES;
				CLANG_WARN_UNGUARDED_AVAILABILITY = YES_AGGRESSIVE;
				CLANG_WARN_UNREACHABLE_CODE = YES;
				CLANG_WARN__DUPLICATE_METHOD_MATCH = YES;
				COPY_PHASE_STRIP = NO;
				DEBUG_INFORMATION_FORMAT = dwarf;
				ENABLE_STRICT_OBJC_MSGSEND = YES;
				ENABLE_TESTABILITY = YES;
				GCC_C_LANGUAGE_STANDARD = gnu11;
				GCC_DYNAMIC_NO_PIC = NO;
				GCC_NO_COMMON_BLOCKS = YES;
				GCC_OPTIMIZATION_LEVEL = 0;
				GCC_PREPROCESSOR_DEFINITIONS = (
					"DEBUG=1",
					"$(inherited)",
				);
				GCC_WARN_64_TO_32_BIT_CONVERSION = YES;
				GCC_WARN_ABOUT_RETURN_TYPE = YES_ERROR;
				GCC_WARN_UNDECLARED_SELECTOR = YES;
				GCC_WARN_UNINITIALIZED_AUTOS = YES_AGGRESSIVE;
				GCC_WARN_UNUSED_FUNCTION = YES;
				GCC_WARN_UNUSED_VARIABLE = YES;
				IPHONEOS_DEPLOYMENT_TARGET = 16.4;
				MTL_ENABLE_DEBUG_INFO = INCLUDE_SOURCE;
				MTL_FAST_MATH = YES;
				ONLY_ACTIVE_ARCH = YES;
				SDKROOT = iphoneos;
				SWIFT_ACTIVE_COMPILATION_CONDITIONS = DEBUG;
				SWIFT_OPTIMIZATION_LEVEL = "-Onone";
			};
			name = Debug;
		};
		4A3FD3142A764AE900A9BFE3 /* Release */ = {
			isa = XCBuildConfiguration;
			buildSettings = {
				ALWAYS_SEARCH_USER_PATHS = NO;
				CLANG_ANALYZER_NONNULL = YES;
				CLANG_ANALYZER_NUMBER_OBJECT_CONVERSION = YES_AGGRESSIVE;
				CLANG_CXX_LANGUAGE_STANDARD = "gnu++20";
				CLANG_ENABLE_MODULES = YES;
				CLANG_ENABLE_OBJC_ARC = YES;
				CLANG_ENABLE_OBJC_WEAK = YES;
				CLANG_WARN_BLOCK_CAPTURE_AUTORELEASING = YES;
				CLANG_WARN_BOOL_CONVERSION = YES;
				CLANG_WARN_COMMA = YES;
				CLANG_WARN_CONSTANT_CONVERSION = YES;
				CLANG_WARN_DEPRECATED_OBJC_IMPLEMENTATIONS = YES;
				CLANG_WARN_DIRECT_OBJC_ISA_USAGE = YES_ERROR;
				CLANG_WARN_DOCUMENTATION_COMMENTS = YES;
				CLANG_WARN_EMPTY_BODY = YES;
				CLANG_WARN_ENUM_CONVERSION = YES;
				CLANG_WARN_INFINITE_RECURSION = YES;
				CLANG_WARN_INT_CONVERSION = YES;
				CLANG_WARN_NON_LITERAL_NULL_CONVERSION = YES;
				CLANG_WARN_OBJC_IMPLICIT_RETAIN_SELF = YES;
				CLANG_WARN_OBJC_LITERAL_CONVERSION = YES;
				CLANG_WARN_OBJC_ROOT_CLASS = YES_ERROR;
				CLANG_WARN_QUOTED_INCLUDE_IN_FRAMEWORK_HEADER = YES;
				CLANG_WARN_RANGE_LOOP_ANALYSIS = YES;
				CLANG_WARN_STRICT_PROTOTYPES = YES;
				CLANG_WARN_SUSPICIOUS_MOVE = YES;
				CLANG_WARN_UNGUARDED_AVAILABILITY = YES_AGGRESSIVE;
				CLANG_WARN_UNREACHABLE_CODE = YES;
				CLANG_WARN__DUPLICATE_METHOD_MATCH = YES;
				COPY_PHASE_STRIP = NO;
				DEBUG_INFORMATION_FORMAT = "dwarf-with-dsym";
				ENABLE_NS_ASSERTIONS = NO;
				ENABLE_STRICT_OBJC_MSGSEND = YES;
				GCC_C_LANGUAGE_STANDARD = gnu11;
				GCC_NO_COMMON_BLOCKS = YES;
				GCC_WARN_64_TO_32_BIT_CONVERSION = YES;
				GCC_WARN_ABOUT_RETURN_TYPE = YES_ERROR;
				GCC_WARN_UNDECLARED_SELECTOR = YES;
				GCC_WARN_UNINITIALIZED_AUTOS = YES_AGGRESSIVE;
				GCC_WARN_UNUSED_FUNCTION = YES;
				GCC_WARN_UNUSED_VARIABLE = YES;
				IPHONEOS_DEPLOYMENT_TARGET = 16.4;
				MTL_ENABLE_DEBUG_INFO = NO;
				MTL_FAST_MATH = YES;
				SDKROOT = iphoneos;
				SWIFT_COMPILATION_MODE = wholemodule;
				SWIFT_OPTIMIZATION_LEVEL = "-O";
				VALIDATE_PRODUCT = YES;
			};
			name = Release;
		};
		4A3FD3162A764AE900A9BFE3 /* Debug */ = {
			isa = XCBuildConfiguration;
			baseConfigurationReference = 864D3D802577CB9E1938EB6C /* Pods-SKAquatic.debug.xcconfig */;
			buildSettings = {
				ASSETCATALOG_COMPILER_APPICON_NAME = AppIcon;
				ASSETCATALOG_COMPILER_GLOBAL_ACCENT_COLOR_NAME = AccentColor;
				ASSETCATALOG_COMPILER_INCLUDE_ALL_APPICON_ASSETS = YES;
				CODE_SIGN_STYLE = Automatic;
				CURRENT_PROJECT_VERSION = 1;
				DEVELOPMENT_TEAM = "";
				GENERATE_INFOPLIST_FILE = YES;
				INFOPLIST_FILE = SKAquatic/Info.plist;
				INFOPLIST_KEY_CFBundleDisplayName = "SK Aquatic";
				INFOPLIST_KEY_LSApplicationCategoryType = "public.app-category.shopping";
				INFOPLIST_KEY_UIApplicationSupportsIndirectInputEvents = YES;
				INFOPLIST_KEY_UILaunchStoryboardName = LaunchScreen;
				INFOPLIST_KEY_UIMainStoryboardFile = Main;
				INFOPLIST_KEY_UIStatusBarStyle = "";
				INFOPLIST_KEY_UISupportedInterfaceOrientations = "UIInterfaceOrientationLandscapeLeft UIInterfaceOrientationLandscapeRight UIInterfaceOrientationPortrait UIInterfaceOrientationPortraitUpsideDown";
				IPHONEOS_DEPLOYMENT_TARGET = 13.0;
				LD_RUNPATH_SEARCH_PATHS = (
					"$(inherited)",
					"@executable_path/Frameworks",
				);
				MARKETING_VERSION = 1.0;
				PRODUCT_BUNDLE_IDENTIFIER = com.aquarium.SKAquatic;
				PRODUCT_NAME = "$(TARGET_NAME)";
				SUPPORTED_PLATFORMS = "iphoneos iphonesimulator";
				SUPPORTS_MACCATALYST = NO;
				SUPPORTS_MAC_DESIGNED_FOR_IPHONE_IPAD = NO;
				SWIFT_EMIT_LOC_STRINGS = YES;
				SWIFT_VERSION = 5.0;
				TARGETED_DEVICE_FAMILY = "1,2";
			};
			name = Debug;
		};
		4A3FD3172A764AE900A9BFE3 /* Release */ = {
			isa = XCBuildConfiguration;
			baseConfigurationReference = F566504577E10754CD302951 /* Pods-SKAquatic.release.xcconfig */;
			buildSettings = {
				ASSETCATALOG_COMPILER_APPICON_NAME = AppIcon;
				ASSETCATALOG_COMPILER_GLOBAL_ACCENT_COLOR_NAME = AccentColor;
				ASSETCATALOG_COMPILER_INCLUDE_ALL_APPICON_ASSETS = YES;
				CODE_SIGN_ENTITLEMENTS = SKAquatic/SKAquaticRelease.entitlements;
				CODE_SIGN_IDENTITY = "Apple Development";
				CODE_SIGN_STYLE = Automatic;
				CURRENT_PROJECT_VERSION = 1;
				DEVELOPMENT_TEAM = AB59V569LM;
				GENERATE_INFOPLIST_FILE = YES;
				INFOPLIST_FILE = SKAquatic/Info.plist;
				INFOPLIST_KEY_CFBundleDisplayName = "SK Aquatic";
				INFOPLIST_KEY_LSApplicationCategoryType = "public.app-category.shopping";
				INFOPLIST_KEY_UIApplicationSupportsIndirectInputEvents = YES;
				INFOPLIST_KEY_UILaunchStoryboardName = LaunchScreen;
				INFOPLIST_KEY_UIMainStoryboardFile = Main;
				INFOPLIST_KEY_UIStatusBarStyle = "";
				INFOPLIST_KEY_UISupportedInterfaceOrientations = "UIInterfaceOrientationLandscapeLeft UIInterfaceOrientationLandscapeRight UIInterfaceOrientationPortrait UIInterfaceOrientationPortraitUpsideDown";
				IPHONEOS_DEPLOYMENT_TARGET = 13.0;
				LD_RUNPATH_SEARCH_PATHS = (
					"$(inherited)",
					"@executable_path/Frameworks",
				);
				MARKETING_VERSION = 1.0;
				PRODUCT_BUNDLE_IDENTIFIER = com.aquarium.SKAquatic;
				PRODUCT_NAME = "$(TARGET_NAME)";
				PROVISIONING_PROFILE_SPECIFIER = "";
				SUPPORTED_PLATFORMS = "iphoneos iphonesimulator";
				SUPPORTS_MACCATALYST = NO;
				SUPPORTS_MAC_DESIGNED_FOR_IPHONE_IPAD = NO;
				SWIFT_EMIT_LOC_STRINGS = YES;
				SWIFT_VERSION = 5.0;
				TARGETED_DEVICE_FAMILY = "1,2";
			};
			name = Release;
		};
/* End XCBuildConfiguration section */

/* Begin XCConfigurationList section */
		4A3FD2FC2A764AE500A9BFE3 /* Build configuration list for PBXProject "SKAquatic" */ = {
			isa = XCConfigurationList;
			buildConfigurations = (
				4A3FD3132A764AE900A9BFE3 /* Debug */,
				4A3FD3142A764AE900A9BFE3 /* Release */,
			);
			defaultConfigurationIsVisible = 0;
			defaultConfigurationName = Release;
		};
		4A3FD3152A764AE900A9BFE3 /* Build configuration list for PBXNativeTarget "SKAquatic" */ = {
			isa = XCConfigurationList;
			buildConfigurations = (
				4A3FD3162A764AE900A9BFE3 /* Debug */,
				4A3FD3172A764AE900A9BFE3 /* Release */,
			);
			defaultConfigurationIsVisible = 0;
			defaultConfigurationName = Release;
		};
/* End XCConfigurationList section */
	};
	rootObject = 4A3FD2F92A764AE500A9BFE3 /* Project object */;
}
